{
  "name": "@nuka9510/simple-validation",
  "version": "1.0.7",
  "lockfileVersion": 3,
  "requires": true,
  "packages": {
    "": {
      "name": "@nuka9510/simple-validation",
      "version": "1.0.7",
      "license": "MIT",
      "dependencies": {
        "@nuka9510/js-util": "^1.0.24"
      }
    },
    "node_modules/@nuka9510/js-util": {
      "version": "1.0.24",
      "resolved": "https://registry.npmjs.org/@nuka9510/js-util/-/js-util-1.0.24.tgz",
      "integrity": "sha512-spiszpEu1WxrG/N+G3uH9RwEasWRVOAiac8LnkyZhrOe+4/sKdScCbuxrzrdrf6ASWzgc+IxfjSOMiZa9tx63Q=="
    }
  }
}
