{
  "name": "@nuka9510/simple-validation",
  "version": "1.0.1",
  "lockfileVersion": 3,
  "requires": true,
  "packages": {
    "": {
      "name": "@nuka9510/simple-validation",
      "version": "1.0.1",
      "license": "MIT",
      "dependencies": {
        "@nuka9510/js-util": "^1.0.18"
      }
    },
    "node_modules/@nuka9510/js-util": {
      "version": "1.0.18",
      "resolved": "https://registry.npmjs.org/@nuka9510/js-util/-/js-util-1.0.18.tgz",
      "integrity": "sha512-wXRlJF8CCGtpC4/jGKGN26Pc3WGS3QE7PG4jbr8PjHc3RAY583FxBMssWiIZHNsDLFAI57EOPcWTkCLZoZiHtg=="
    }
  }
}
